// !$*UTF8*$!
{
	archiveVersion = 1;
	classes = {
	};
	objectVersion = 48;
	objects = {

/* Begin PBXBuildFile section */
		6098E71E1F80D2A600FECFA5 /* Assets.xcassets in Resources */ = {isa = PBXBuildFile; fileRef = 6098E71D1F80D2A600FECFA5 /* Assets.xcassets */; };
		6098E7211F80D2A600FECFA5 /* MainMenu.xib in Resources */ = {isa = PBXBuildFile; fileRef = 6098E71F1F80D2A600FECFA5 /* MainMenu.xib */; };
		6098E7271F80D2D200FECFA5 /* Animation.cpp in Sources */ = {isa = PBXBuildFile; fileRef = 6098E6B31F80D12100FECFA5 /* Animation.cpp */; };
		6098E7281F80D2D200FECFA5 /* Audio.cpp in Sources */ = {isa = PBXBuildFile; fileRef = 6098E6B51F80D12100FECFA5 /* Audio.cpp */; };
		6098E7291F80D2D200FECFA5 /* BoxCollider.cpp in Sources */ = {isa = PBXBuildFile; fileRef = 6098E6B71F80D12100FECFA5 /* BoxCollider.cpp */; };
		6098E72A1F80D2D200FECFA5 /* Camera.cpp in Sources */ = {isa = PBXBuildFile; fileRef = 6098E6B91F80D12100FECFA5 /* Camera.cpp */; };
		6098E72B1F80D2D200FECFA5 /* Engine.cpp in Sources */ = {isa = PBXBuildFile; fileRef = 6098E6BB1F80D12100FECFA5 /* Engine.cpp */; };
		6098E72C1F80D2D200FECFA5 /* Game.cpp in Sources */ = {isa = PBXBuildFile; fileRef = 6098E6BD1F80D12100FECFA5 /* Game.cpp */; };
		6098E72D1F80D2D200FECFA5 /* Input.cpp in Sources */ = {isa = PBXBuildFile; fileRef = 6098E6BF1F80D12100FECFA5 /* Input.cpp */; };
		6098E72E1F80D2D200FECFA5 /* Particle.cpp in Sources */ = {isa = PBXBuildFile; fileRef = 6098E6C11F80D12100FECFA5 /* Particle.cpp */; };
		6098E72F1F80D2D200FECFA5 /* ParticleSystem.cpp in Sources */ = {isa = PBXBuildFile; fileRef = 6098E6C31F80D12100FECFA5 /* ParticleSystem.cpp */; };
		6098E7301F80D2D200FECFA5 /* Quad.cpp in Sources */ = {isa = PBXBuildFile; fileRef = 6098E6C51F80D12100FECFA5 /* Quad.cpp */; };
		6098E7311F80D2D200FECFA5 /* RenderPass.cpp in Sources */ = {isa = PBXBuildFile; fileRef = 6098E6C71F80D12100FECFA5 /* RenderPass.cpp */; };
		6098E7321F80D2D200FECFA5 /* Resources.cpp in Sources */ = {isa = PBXBuildFile; fileRef = 6098E6C91F80D12100FECFA5 /* Resources.cpp */; };
		6098E7331F80D2D200FECFA5 /* Shader.cpp in Sources */ = {isa = PBXBuildFile; fileRef = 6098E6CB1F80D12100FECFA5 /* Shader.cpp */; };
		6098E7341F80D2D200FECFA5 /* Sprite.cpp in Sources */ = {isa = PBXBuildFile; fileRef = 6098E6CD1F80D12100FECFA5 /* Sprite.cpp */; };
		6098E7351F80D2D200FECFA5 /* Status.cpp in Sources */ = {isa = PBXBuildFile; fileRef = 6098E6CF1F80D12100FECFA5 /* Status.cpp */; };
		6098E7361F80D2D200FECFA5 /* Texture.cpp in Sources */ = {isa = PBXBuildFile; fileRef = 6098E6D21F80D12100FECFA5 /* Texture.cpp */; };
		6098E7371F80D2D200FECFA5 /* Timer.cpp in Sources */ = {isa = PBXBuildFile; fileRef = 6098E6D41F80D12100FECFA5 /* Timer.cpp */; };
		6098E7381F80D2D200FECFA5 /* Transform.cpp in Sources */ = {isa = PBXBuildFile; fileRef = 6098E6D61F80D12100FECFA5 /* Transform.cpp */; };
		6098E7391F80D2D200FECFA5 /* Window.cpp in Sources */ = {isa = PBXBuildFile; fileRef = 6098E6D81F80D12100FECFA5 /* Window.cpp */; };
		6098E73A1F80D2D200FECFA5 /* GameObject.cpp in Sources */ = {isa = PBXBuildFile; fileRef = 6098E6DB1F80D12100FECFA5 /* GameObject.cpp */; };
		6098E73B1F80D2D200FECFA5 /* NoneObject.cpp in Sources */ = {isa = PBXBuildFile; fileRef = 6098E6DD1F80D12100FECFA5 /* NoneObject.cpp */; };
		6098E73C1F80D2D200FECFA5 /* OffsetObject.cpp in Sources */ = {isa = PBXBuildFile; fileRef = 6098E6DF1F80D12100FECFA5 /* OffsetObject.cpp */; };
		6098E73D1F80D2D200FECFA5 /* Player.cpp in Sources */ = {isa = PBXBuildFile; fileRef = 6098E6E11F80D12100FECFA5 /* Player.cpp */; };
		6098E73E1F80D2D200FECFA5 /* TileObject.cpp in Sources */ = {isa = PBXBuildFile; fileRef = 6098E6E31F80D12100FECFA5 /* TileObject.cpp */; };
		6098E73F1F80D2D200FECFA5 /* main.cpp in Sources */ = {isa = PBXBuildFile; fileRef = 6098E6E51F80D12100FECFA5 /* main.cpp */; };
		6098E7401F80D2D200FECFA5 /* Scene.cpp in Sources */ = {isa = PBXBuildFile; fileRef = 6098E6E71F80D12100FECFA5 /* Scene.cpp */; };
		6098E7411F80D2D200FECFA5 /* Scene00.cpp in Sources */ = {isa = PBXBuildFile; fileRef = 6098E6E91F80D12100FECFA5 /* Scene00.cpp */; };
		6098E7421F80D2D200FECFA5 /* SceneManager.cpp in Sources */ = {isa = PBXBuildFile; fileRef = 6098E6EB1F80D12100FECFA5 /* SceneManager.cpp */; };
		6098E7431F80D2D200FECFA5 /* TiledMap.cpp in Sources */ = {isa = PBXBuildFile; fileRef = 6098E6ED1F80D12100FECFA5 /* TiledMap.cpp */; };
		6098E7441F80D2E600FECFA5 /* OpenGL.framework in Frameworks */ = {isa = PBXBuildFile; fileRef = 6098E6AF1F80CDC000FECFA5 /* OpenGL.framework */; };
		6098E7461F80D30B00FECFA5 /* libirrklang.dylib in Copy Files */ = {isa = PBXBuildFile; fileRef = 6098E6AD1F80CDB200FECFA5 /* libirrklang.dylib */; settings = {ATTRIBUTES = (CodeSignOnCopy, ); }; };
		6098E7471F80D30B00FECFA5 /* libglfw.3.2.dylib in Copy Files */ = {isa = PBXBuildFile; fileRef = 6098E6AB1F80CDAE00FECFA5 /* libglfw.3.2.dylib */; settings = {ATTRIBUTES = (CodeSignOnCopy, ); }; };
		6098E7481F80D30B00FECFA5 /* libGLEW.2.0.0.dylib in Copy Files */ = {isa = PBXBuildFile; fileRef = 6098E6A91F80CDAA00FECFA5 /* libGLEW.2.0.0.dylib */; settings = {ATTRIBUTES = (CodeSignOnCopy, ); }; };
		6098E7491F80D30B00FECFA5 /* libfmod.dylib in Copy Files */ = {isa = PBXBuildFile; fileRef = 6098E6A61F80CDA500FECFA5 /* libfmod.dylib */; settings = {ATTRIBUTES = (CodeSignOnCopy, ); }; };
		6098E74A1F80D30B00FECFA5 /* libfmodL.dylib in Copy Files */ = {isa = PBXBuildFile; fileRef = 6098E6A51F80CDA500FECFA5 /* libfmodL.dylib */; settings = {ATTRIBUTES = (CodeSignOnCopy, ); }; };
		6098E74B1F80D30B00FECFA5 /* libBox2D.a in Copy Files */ = {isa = PBXBuildFile; fileRef = 6098E6A31F80CD9D00FECFA5 /* libBox2D.a */; settings = {ATTRIBUTES = (CodeSignOnCopy, ); }; };
		6098E74C1F80D66300FECFA5 /* Assets in Resources */ = {isa = PBXBuildFile; fileRef = 6098E7131F80D25C00FECFA5 /* Assets */; };
/* End PBXBuildFile section */

/* Begin PBXCopyFilesBuildPhase section */
		6098E7451F80D2EE00FECFA5 /* Copy Files */ = {
			isa = PBXCopyFilesBuildPhase;
			buildActionMask = 2147483647;
			dstPath = "";
			dstSubfolderSpec = 10;
			files = (
				6098E7461F80D30B00FECFA5 /* libirrklang.dylib in Copy Files */,
				6098E7471F80D30B00FECFA5 /* libglfw.3.2.dylib in Copy Files */,
				6098E7481F80D30B00FECFA5 /* libGLEW.2.0.0.dylib in Copy Files */,
				6098E7491F80D30B00FECFA5 /* libfmod.dylib in Copy Files */,
				6098E74A1F80D30B00FECFA5 /* libfmodL.dylib in Copy Files */,
				6098E74B1F80D30B00FECFA5 /* libBox2D.a in Copy Files */,
			);
			name = "Copy Files";
			runOnlyForDeploymentPostprocessing = 0;
		};
/* End PBXCopyFilesBuildPhase section */

/* Begin PBXFileReference section */
		6098E6A31F80CD9D00FECFA5 /* libBox2D.a */ = {isa = PBXFileReference; lastKnownFileType = archive.ar; name = libBox2D.a; path = Frameworks/Box2D/lib/libBox2D.a; sourceTree = "<group>"; };
		6098E6A51F80CDA500FECFA5 /* libfmodL.dylib */ = {isa = PBXFileReference; lastKnownFileType = "compiled.mach-o.dylib"; name = libfmodL.dylib; path = Frameworks/FMOD/lib/libfmodL.dylib; sourceTree = "<group>"; };
		6098E6A61F80CDA500FECFA5 /* libfmod.dylib */ = {isa = PBXFileReference; lastKnownFileType = "compiled.mach-o.dylib"; name = libfmod.dylib; path = Frameworks/FMOD/lib/libfmod.dylib; sourceTree = "<group>"; };
		6098E6A91F80CDAA00FECFA5 /* libGLEW.2.0.0.dylib */ = {isa = PBXFileReference; lastKnownFileType = "compiled.mach-o.dylib"; name = libGLEW.2.0.0.dylib; path = Frameworks/glew/lib/libGLEW.2.0.0.dylib; sourceTree = "<group>"; };
		6098E6AB1F80CDAE00FECFA5 /* libglfw.3.2.dylib */ = {isa = PBXFileReference; lastKnownFileType = "compiled.mach-o.dylib"; name = libglfw.3.2.dylib; path = Frameworks/glfw/lib/libglfw.3.2.dylib; sourceTree = "<group>"; };
		6098E6AD1F80CDB200FECFA5 /* libirrklang.dylib */ = {isa = PBXFileReference; lastKnownFileType = "compiled.mach-o.dylib"; name = libirrklang.dylib; path = Frameworks/irrKlang/lib/libirrklang.dylib; sourceTree = "<group>"; };
		6098E6AF1F80CDC000FECFA5 /* OpenGL.framework */ = {isa = PBXFileReference; lastKnownFileType = wrapper.framework; name = OpenGL.framework; path = System/Library/Frameworks/OpenGL.framework; sourceTree = SDKROOT; };
		6098E6B31F80D12100FECFA5 /* Animation.cpp */ = {isa = PBXFileReference; lastKnownFileType = sourcecode.cpp.cpp; path = Animation.cpp; sourceTree = "<group>"; };
		6098E6B41F80D12100FECFA5 /* Animation.hpp */ = {isa = PBXFileReference; lastKnownFileType = sourcecode.cpp.h; path = Animation.hpp; sourceTree = "<group>"; };
		6098E6B51F80D12100FECFA5 /* Audio.cpp */ = {isa = PBXFileReference; lastKnownFileType = sourcecode.cpp.cpp; path = Audio.cpp; sourceTree = "<group>"; };
		6098E6B61F80D12100FECFA5 /* Audio.hpp */ = {isa = PBXFileReference; lastKnownFileType = sourcecode.cpp.h; path = Audio.hpp; sourceTree = "<group>"; };
		6098E6B71F80D12100FECFA5 /* BoxCollider.cpp */ = {isa = PBXFileReference; lastKnownFileType = sourcecode.cpp.cpp; path = BoxCollider.cpp; sourceTree = "<group>"; };
		6098E6B81F80D12100FECFA5 /* BoxCollider.hpp */ = {isa = PBXFileReference; lastKnownFileType = sourcecode.cpp.h; path = BoxCollider.hpp; sourceTree = "<group>"; };
		6098E6B91F80D12100FECFA5 /* Camera.cpp */ = {isa = PBXFileReference; lastKnownFileType = sourcecode.cpp.cpp; path = Camera.cpp; sourceTree = "<group>"; };
		6098E6BA1F80D12100FECFA5 /* Camera.hpp */ = {isa = PBXFileReference; lastKnownFileType = sourcecode.cpp.h; path = Camera.hpp; sourceTree = "<group>"; };
		6098E6BB1F80D12100FECFA5 /* Engine.cpp */ = {isa = PBXFileReference; lastKnownFileType = sourcecode.cpp.cpp; path = Engine.cpp; sourceTree = "<group>"; };
		6098E6BC1F80D12100FECFA5 /* Engine.hpp */ = {isa = PBXFileReference; lastKnownFileType = sourcecode.cpp.h; path = Engine.hpp; sourceTree = "<group>"; };
		6098E6BD1F80D12100FECFA5 /* Game.cpp */ = {isa = PBXFileReference; lastKnownFileType = sourcecode.cpp.cpp; path = Game.cpp; sourceTree = "<group>"; };
		6098E6BE1F80D12100FECFA5 /* Game.hpp */ = {isa = PBXFileReference; lastKnownFileType = sourcecode.cpp.h; path = Game.hpp; sourceTree = "<group>"; };
		6098E6BF1F80D12100FECFA5 /* Input.cpp */ = {isa = PBXFileReference; lastKnownFileType = sourcecode.cpp.cpp; path = Input.cpp; sourceTree = "<group>"; };
		6098E6C01F80D12100FECFA5 /* Input.hpp */ = {isa = PBXFileReference; lastKnownFileType = sourcecode.cpp.h; path = Input.hpp; sourceTree = "<group>"; };
		6098E6C11F80D12100FECFA5 /* Particle.cpp */ = {isa = PBXFileReference; lastKnownFileType = sourcecode.cpp.cpp; path = Particle.cpp; sourceTree = "<group>"; };
		6098E6C21F80D12100FECFA5 /* Particle.hpp */ = {isa = PBXFileReference; lastKnownFileType = sourcecode.cpp.h; path = Particle.hpp; sourceTree = "<group>"; };
		6098E6C31F80D12100FECFA5 /* ParticleSystem.cpp */ = {isa = PBXFileReference; lastKnownFileType = sourcecode.cpp.cpp; path = ParticleSystem.cpp; sourceTree = "<group>"; };
		6098E6C41F80D12100FECFA5 /* ParticleSystem.hpp */ = {isa = PBXFileReference; lastKnownFileType = sourcecode.cpp.h; path = ParticleSystem.hpp; sourceTree = "<group>"; };
		6098E6C51F80D12100FECFA5 /* Quad.cpp */ = {isa = PBXFileReference; lastKnownFileType = sourcecode.cpp.cpp; path = Quad.cpp; sourceTree = "<group>"; };
		6098E6C61F80D12100FECFA5 /* Quad.hpp */ = {isa = PBXFileReference; lastKnownFileType = sourcecode.cpp.h; path = Quad.hpp; sourceTree = "<group>"; };
		6098E6C71F80D12100FECFA5 /* RenderPass.cpp */ = {isa = PBXFileReference; lastKnownFileType = sourcecode.cpp.cpp; path = RenderPass.cpp; sourceTree = "<group>"; };
		6098E6C81F80D12100FECFA5 /* RenderPass.hpp */ = {isa = PBXFileReference; lastKnownFileType = sourcecode.cpp.h; path = RenderPass.hpp; sourceTree = "<group>"; };
		6098E6C91F80D12100FECFA5 /* Resources.cpp */ = {isa = PBXFileReference; lastKnownFileType = sourcecode.cpp.cpp; path = Resources.cpp; sourceTree = "<group>"; };
		6098E6CA1F80D12100FECFA5 /* Resources.hpp */ = {isa = PBXFileReference; lastKnownFileType = sourcecode.cpp.h; path = Resources.hpp; sourceTree = "<group>"; };
		6098E6CB1F80D12100FECFA5 /* Shader.cpp */ = {isa = PBXFileReference; lastKnownFileType = sourcecode.cpp.cpp; path = Shader.cpp; sourceTree = "<group>"; };
		6098E6CC1F80D12100FECFA5 /* Shader.hpp */ = {isa = PBXFileReference; lastKnownFileType = sourcecode.cpp.h; path = Shader.hpp; sourceTree = "<group>"; };
		6098E6CD1F80D12100FECFA5 /* Sprite.cpp */ = {isa = PBXFileReference; lastKnownFileType = sourcecode.cpp.cpp; path = Sprite.cpp; sourceTree = "<group>"; };
		6098E6CE1F80D12100FECFA5 /* Sprite.hpp */ = {isa = PBXFileReference; lastKnownFileType = sourcecode.cpp.h; path = Sprite.hpp; sourceTree = "<group>"; };
		6098E6CF1F80D12100FECFA5 /* Status.cpp */ = {isa = PBXFileReference; lastKnownFileType = sourcecode.cpp.cpp; path = Status.cpp; sourceTree = "<group>"; };
		6098E6D01F80D12100FECFA5 /* Status.hpp */ = {isa = PBXFileReference; lastKnownFileType = sourcecode.cpp.h; path = Status.hpp; sourceTree = "<group>"; };
		6098E6D11F80D12100FECFA5 /* stb_image.h */ = {isa = PBXFileReference; lastKnownFileType = sourcecode.c.h; path = stb_image.h; sourceTree = "<group>"; };
		6098E6D21F80D12100FECFA5 /* Texture.cpp */ = {isa = PBXFileReference; lastKnownFileType = sourcecode.cpp.cpp; path = Texture.cpp; sourceTree = "<group>"; };
		6098E6D31F80D12100FECFA5 /* Texture.hpp */ = {isa = PBXFileReference; lastKnownFileType = sourcecode.cpp.h; path = Texture.hpp; sourceTree = "<group>"; };
		6098E6D41F80D12100FECFA5 /* Timer.cpp */ = {isa = PBXFileReference; lastKnownFileType = sourcecode.cpp.cpp; path = Timer.cpp; sourceTree = "<group>"; };
		6098E6D51F80D12100FECFA5 /* Timer.hpp */ = {isa = PBXFileReference; lastKnownFileType = sourcecode.cpp.h; path = Timer.hpp; sourceTree = "<group>"; };
		6098E6D61F80D12100FECFA5 /* Transform.cpp */ = {isa = PBXFileReference; lastKnownFileType = sourcecode.cpp.cpp; path = Transform.cpp; sourceTree = "<group>"; };
		6098E6D71F80D12100FECFA5 /* Transform.hpp */ = {isa = PBXFileReference; lastKnownFileType = sourcecode.cpp.h; path = Transform.hpp; sourceTree = "<group>"; };
		6098E6D81F80D12100FECFA5 /* Window.cpp */ = {isa = PBXFileReference; lastKnownFileType = sourcecode.cpp.cpp; path = Window.cpp; sourceTree = "<group>"; };
		6098E6D91F80D12100FECFA5 /* Window.hpp */ = {isa = PBXFileReference; lastKnownFileType = sourcecode.cpp.h; path = Window.hpp; sourceTree = "<group>"; };
		6098E6DB1F80D12100FECFA5 /* GameObject.cpp */ = {isa = PBXFileReference; lastKnownFileType = sourcecode.cpp.cpp; path = GameObject.cpp; sourceTree = "<group>"; };
		6098E6DC1F80D12100FECFA5 /* GameObject.hpp */ = {isa = PBXFileReference; lastKnownFileType = sourcecode.cpp.h; path = GameObject.hpp; sourceTree = "<group>"; };
		6098E6DD1F80D12100FECFA5 /* NoneObject.cpp */ = {isa = PBXFileReference; lastKnownFileType = sourcecode.cpp.cpp; path = NoneObject.cpp; sourceTree = "<group>"; };
		6098E6DE1F80D12100FECFA5 /* NoneObject.hpp */ = {isa = PBXFileReference; lastKnownFileType = sourcecode.cpp.h; path = NoneObject.hpp; sourceTree = "<group>"; };
		6098E6DF1F80D12100FECFA5 /* OffsetObject.cpp */ = {isa = PBXFileReference; lastKnownFileType = sourcecode.cpp.cpp; path = OffsetObject.cpp; sourceTree = "<group>"; };
		6098E6E01F80D12100FECFA5 /* OffsetObject.hpp */ = {isa = PBXFileReference; lastKnownFileType = sourcecode.cpp.h; path = OffsetObject.hpp; sourceTree = "<group>"; };
		6098E6E11F80D12100FECFA5 /* Player.cpp */ = {isa = PBXFileReference; lastKnownFileType = sourcecode.cpp.cpp; path = Player.cpp; sourceTree = "<group>"; };
		6098E6E21F80D12100FECFA5 /* Player.hpp */ = {isa = PBXFileReference; lastKnownFileType = sourcecode.cpp.h; path = Player.hpp; sourceTree = "<group>"; };
		6098E6E31F80D12100FECFA5 /* TileObject.cpp */ = {isa = PBXFileReference; lastKnownFileType = sourcecode.cpp.cpp; path = TileObject.cpp; sourceTree = "<group>"; };
		6098E6E41F80D12100FECFA5 /* TileObject.hpp */ = {isa = PBXFileReference; lastKnownFileType = sourcecode.cpp.h; path = TileObject.hpp; sourceTree = "<group>"; };
		6098E6E51F80D12100FECFA5 /* main.cpp */ = {isa = PBXFileReference; lastKnownFileType = sourcecode.cpp.cpp; path = main.cpp; sourceTree = "<group>"; };
		6098E6E71F80D12100FECFA5 /* Scene.cpp */ = {isa = PBXFileReference; lastKnownFileType = sourcecode.cpp.cpp; path = Scene.cpp; sourceTree = "<group>"; };
		6098E6E81F80D12100FECFA5 /* Scene.hpp */ = {isa = PBXFileReference; lastKnownFileType = sourcecode.cpp.h; path = Scene.hpp; sourceTree = "<group>"; };
		6098E6E91F80D12100FECFA5 /* Scene00.cpp */ = {isa = PBXFileReference; lastKnownFileType = sourcecode.cpp.cpp; path = Scene00.cpp; sourceTree = "<group>"; };
		6098E6EA1F80D12100FECFA5 /* Scene00.hpp */ = {isa = PBXFileReference; lastKnownFileType = sourcecode.cpp.h; path = Scene00.hpp; sourceTree = "<group>"; };
		6098E6EB1F80D12100FECFA5 /* SceneManager.cpp */ = {isa = PBXFileReference; lastKnownFileType = sourcecode.cpp.cpp; path = SceneManager.cpp; sourceTree = "<group>"; };
		6098E6EC1F80D12100FECFA5 /* SceneManager.hpp */ = {isa = PBXFileReference; lastKnownFileType = sourcecode.cpp.h; path = SceneManager.hpp; sourceTree = "<group>"; };
		6098E6ED1F80D12100FECFA5 /* TiledMap.cpp */ = {isa = PBXFileReference; lastKnownFileType = sourcecode.cpp.cpp; path = TiledMap.cpp; sourceTree = "<group>"; };
		6098E6EE1F80D12100FECFA5 /* TiledMap.hpp */ = {isa = PBXFileReference; lastKnownFileType = sourcecode.cpp.h; path = TiledMap.hpp; sourceTree = "<group>"; };
		6098E7131F80D25C00FECFA5 /* Assets */ = {isa = PBXFileReference; lastKnownFileType = folder; path = Assets; sourceTree = "<group>"; };
		6098E7191F80D2A600FECFA5 /* Cocoa.app */ = {isa = PBXFileReference; explicitFileType = wrapper.application; includeInIndex = 0; path = Cocoa.app; sourceTree = BUILT_PRODUCTS_DIR; };
		6098E71D1F80D2A600FECFA5 /* Assets.xcassets */ = {isa = PBXFileReference; lastKnownFileType = folder.assetcatalog; path = Assets.xcassets; sourceTree = "<group>"; };
		6098E7201F80D2A600FECFA5 /* Base */ = {isa = PBXFileReference; lastKnownFileType = file.xib; name = Base; path = Base.lproj/MainMenu.xib; sourceTree = "<group>"; };
		6098E7221F80D2A600FECFA5 /* Info.plist */ = {isa = PBXFileReference; lastKnownFileType = text.plist.xml; path = Info.plist; sourceTree = "<group>"; };
		6098E7231F80D2A600FECFA5 /* Cocoa.entitlements */ = {isa = PBXFileReference; lastKnownFileType = text.plist.entitlements; path = Cocoa.entitlements; sourceTree = "<group>"; };
/* End PBXFileReference section */

/* Begin PBXFrameworksBuildPhase section */
		6098E7161F80D2A600FECFA5 /* Frameworks */ = {
			isa = PBXFrameworksBuildPhase;
			buildActionMask = 2147483647;
			files = (
				6098E7441F80D2E600FECFA5 /* OpenGL.framework in Frameworks */,
			);
			runOnlyForDeploymentPostprocessing = 0;
		};
/* End PBXFrameworksBuildPhase section */

/* Begin PBXGroup section */
		6021C2BF1F7CAA43002C3F82 = {
			isa = PBXGroup;
			children = (
				6098E7131F80D25C00FECFA5 /* Assets */,
				6098E6B11F80D12100FECFA5 /* VaniaEngine */,
				6098E71A1F80D2A600FECFA5 /* Cocoa */,
				6021C2C91F7CAA43002C3F82 /* Products */,
				6021C2D21F7CAA6B002C3F82 /* Frameworks */,
			);
			sourceTree = "<group>";
		};
		6021C2C91F7CAA43002C3F82 /* Products */ = {
			isa = PBXGroup;
			children = (
				6098E7191F80D2A600FECFA5 /* Cocoa.app */,
			);
			name = Products;
			sourceTree = "<group>";
		};
		6021C2D21F7CAA6B002C3F82 /* Frameworks */ = {
			isa = PBXGroup;
			children = (
				6098E6AF1F80CDC000FECFA5 /* OpenGL.framework */,
				6098E6AD1F80CDB200FECFA5 /* libirrklang.dylib */,
				6098E6AB1F80CDAE00FECFA5 /* libglfw.3.2.dylib */,
				6098E6A91F80CDAA00FECFA5 /* libGLEW.2.0.0.dylib */,
				6098E6A61F80CDA500FECFA5 /* libfmod.dylib */,
				6098E6A51F80CDA500FECFA5 /* libfmodL.dylib */,
				6098E6A31F80CD9D00FECFA5 /* libBox2D.a */,
			);
			name = Frameworks;
			sourceTree = "<group>";
		};
		6098E6B11F80D12100FECFA5 /* VaniaEngine */ = {
			isa = PBXGroup;
			children = (
				6098E6B21F80D12100FECFA5 /* Engine */,
				6098E6DA1F80D12100FECFA5 /* GameObjects */,
				6098E6E51F80D12100FECFA5 /* main.cpp */,
				6098E6E61F80D12100FECFA5 /* Scenes */,
			);
			path = VaniaEngine;
			sourceTree = "<group>";
		};
		6098E6B21F80D12100FECFA5 /* Engine */ = {
			isa = PBXGroup;
			children = (
				6098E6B31F80D12100FECFA5 /* Animation.cpp */,
				6098E6B41F80D12100FECFA5 /* Animation.hpp */,
				6098E6B51F80D12100FECFA5 /* Audio.cpp */,
				6098E6B61F80D12100FECFA5 /* Audio.hpp */,
				6098E6B71F80D12100FECFA5 /* BoxCollider.cpp */,
				6098E6B81F80D12100FECFA5 /* BoxCollider.hpp */,
				6098E6B91F80D12100FECFA5 /* Camera.cpp */,
				6098E6BA1F80D12100FECFA5 /* Camera.hpp */,
				6098E6BB1F80D12100FECFA5 /* Engine.cpp */,
				6098E6BC1F80D12100FECFA5 /* Engine.hpp */,
				6098E6BD1F80D12100FECFA5 /* Game.cpp */,
				6098E6BE1F80D12100FECFA5 /* Game.hpp */,
				6098E6BF1F80D12100FECFA5 /* Input.cpp */,
				6098E6C01F80D12100FECFA5 /* Input.hpp */,
				6098E6C11F80D12100FECFA5 /* Particle.cpp */,
				6098E6C21F80D12100FECFA5 /* Particle.hpp */,
				6098E6C31F80D12100FECFA5 /* ParticleSystem.cpp */,
				6098E6C41F80D12100FECFA5 /* ParticleSystem.hpp */,
				6098E6C51F80D12100FECFA5 /* Quad.cpp */,
				6098E6C61F80D12100FECFA5 /* Quad.hpp */,
				6098E6C71F80D12100FECFA5 /* RenderPass.cpp */,
				6098E6C81F80D12100FECFA5 /* RenderPass.hpp */,
				6098E6C91F80D12100FECFA5 /* Resources.cpp */,
				6098E6CA1F80D12100FECFA5 /* Resources.hpp */,
				6098E6CB1F80D12100FECFA5 /* Shader.cpp */,
				6098E6CC1F80D12100FECFA5 /* Shader.hpp */,
				6098E6CD1F80D12100FECFA5 /* Sprite.cpp */,
				6098E6CE1F80D12100FECFA5 /* Sprite.hpp */,
				6098E6CF1F80D12100FECFA5 /* Status.cpp */,
				6098E6D01F80D12100FECFA5 /* Status.hpp */,
				6098E6D11F80D12100FECFA5 /* stb_image.h */,
				6098E6D21F80D12100FECFA5 /* Texture.cpp */,
				6098E6D31F80D12100FECFA5 /* Texture.hpp */,
				6098E6D41F80D12100FECFA5 /* Timer.cpp */,
				6098E6D51F80D12100FECFA5 /* Timer.hpp */,
				6098E6D61F80D12100FECFA5 /* Transform.cpp */,
				6098E6D71F80D12100FECFA5 /* Transform.hpp */,
				6098E6D81F80D12100FECFA5 /* Window.cpp */,
				6098E6D91F80D12100FECFA5 /* Window.hpp */,
			);
			path = Engine;
			sourceTree = "<group>";
		};
		6098E6DA1F80D12100FECFA5 /* GameObjects */ = {
			isa = PBXGroup;
			children = (
				6098E6DB1F80D12100FECFA5 /* GameObject.cpp */,
				6098E6DC1F80D12100FECFA5 /* GameObject.hpp */,
				6098E6DD1F80D12100FECFA5 /* NoneObject.cpp */,
				6098E6DE1F80D12100FECFA5 /* NoneObject.hpp */,
				6098E6DF1F80D12100FECFA5 /* OffsetObject.cpp */,
				6098E6E01F80D12100FECFA5 /* OffsetObject.hpp */,
				6098E6E11F80D12100FECFA5 /* Player.cpp */,
				6098E6E21F80D12100FECFA5 /* Player.hpp */,
				6098E6E31F80D12100FECFA5 /* TileObject.cpp */,
				6098E6E41F80D12100FECFA5 /* TileObject.hpp */,
			);
			path = GameObjects;
			sourceTree = "<group>";
		};
		6098E6E61F80D12100FECFA5 /* Scenes */ = {
			isa = PBXGroup;
			children = (
				6098E6E71F80D12100FECFA5 /* Scene.cpp */,
				6098E6E81F80D12100FECFA5 /* Scene.hpp */,
				6098E6E91F80D12100FECFA5 /* Scene00.cpp */,
				6098E6EA1F80D12100FECFA5 /* Scene00.hpp */,
				6098E6EB1F80D12100FECFA5 /* SceneManager.cpp */,
				6098E6EC1F80D12100FECFA5 /* SceneManager.hpp */,
				6098E6ED1F80D12100FECFA5 /* TiledMap.cpp */,
				6098E6EE1F80D12100FECFA5 /* TiledMap.hpp */,
			);
			path = Scenes;
			sourceTree = "<group>";
		};
		6098E71A1F80D2A600FECFA5 /* Cocoa */ = {
			isa = PBXGroup;
			children = (
				6098E71D1F80D2A600FECFA5 /* Assets.xcassets */,
				6098E71F1F80D2A600FECFA5 /* MainMenu.xib */,
				6098E7221F80D2A600FECFA5 /* Info.plist */,
				6098E7231F80D2A600FECFA5 /* Cocoa.entitlements */,
			);
			path = Cocoa;
			sourceTree = "<group>";
		};
/* End PBXGroup section */

/* Begin PBXNativeTarget section */
		6098E7181F80D2A600FECFA5 /* Cocoa */ = {
			isa = PBXNativeTarget;
			buildConfigurationList = 6098E7241F80D2A600FECFA5 /* Build configuration list for PBXNativeTarget "Cocoa" */;
			buildPhases = (
				6098E7151F80D2A600FECFA5 /* Sources */,
				6098E7161F80D2A600FECFA5 /* Frameworks */,
				6098E7451F80D2EE00FECFA5 /* Copy Files */,
				6098E7171F80D2A600FECFA5 /* Resources */,
			);
			buildRules = (
			);
			dependencies = (
			);
			name = Cocoa;
			productName = Cocoa;
			productReference = 6098E7191F80D2A600FECFA5 /* Cocoa.app */;
			productType = "com.apple.product-type.application";
		};
/* End PBXNativeTarget section */

/* Begin PBXProject section */
		6021C2C01F7CAA43002C3F82 /* Project object */ = {
			isa = PBXProject;
			attributes = {
				LastSwiftUpdateCheck = 0900;
				LastUpgradeCheck = 0900;
				ORGANIZATIONNAME = haijian;
				TargetAttributes = {
					6098E7181F80D2A600FECFA5 = {
						CreatedOnToolsVersion = 9.0;
						ProvisioningStyle = Automatic;
					};
				};
			};
			buildConfigurationList = 6021C2C31F7CAA43002C3F82 /* Build configuration list for PBXProject "VaniaEngine" */;
			compatibilityVersion = "Xcode 8.0";
			developmentRegion = en;
			hasScannedForEncodings = 0;
			knownRegions = (
				en,
				Base,
			);
			mainGroup = 6021C2BF1F7CAA43002C3F82;
			productRefGroup = 6021C2C91F7CAA43002C3F82 /* Products */;
			projectDirPath = "";
			projectRoot = "";
			targets = (
				6098E7181F80D2A600FECFA5 /* Cocoa */,
			);
		};
/* End PBXProject section */

/* Begin PBXResourcesBuildPhase section */
		6098E7171F80D2A600FECFA5 /* Resources */ = {
			isa = PBXResourcesBuildPhase;
			buildActionMask = 2147483647;
			files = (
				6098E74C1F80D66300FECFA5 /* Assets in Resources */,
				6098E71E1F80D2A600FECFA5 /* Assets.xcassets in Resources */,
				6098E7211F80D2A600FECFA5 /* MainMenu.xib in Resources */,
			);
			runOnlyForDeploymentPostprocessing = 0;
		};
/* End PBXResourcesBuildPhase section */

/* Begin PBXSourcesBuildPhase section */
		6098E7151F80D2A600FECFA5 /* Sources */ = {
			isa = PBXSourcesBuildPhase;
			buildActionMask = 2147483647;
			files = (
				6098E7271F80D2D200FECFA5 /* Animation.cpp in Sources */,
				6098E7281F80D2D200FECFA5 /* Audio.cpp in Sources */,
				6098E7291F80D2D200FECFA5 /* BoxCollider.cpp in Sources */,
				6098E72A1F80D2D200FECFA5 /* Camera.cpp in Sources */,
				6098E72B1F80D2D200FECFA5 /* Engine.cpp in Sources */,
				6098E72C1F80D2D200FECFA5 /* Game.cpp in Sources */,
				6098E72D1F80D2D200FECFA5 /* Input.cpp in Sources */,
				6098E72E1F80D2D200FECFA5 /* Particle.cpp in Sources */,
				6098E72F1F80D2D200FECFA5 /* ParticleSystem.cpp in Sources */,
				6098E7301F80D2D200FECFA5 /* Quad.cpp in Sources */,
				6098E7311F80D2D200FECFA5 /* RenderPass.cpp in Sources */,
				6098E7321F80D2D200FECFA5 /* Resources.cpp in Sources */,
				6098E7331F80D2D200FECFA5 /* Shader.cpp in Sources */,
				6098E7341F80D2D200FECFA5 /* Sprite.cpp in Sources */,
				6098E7351F80D2D200FECFA5 /* Status.cpp in Sources */,
				6098E7361F80D2D200FECFA5 /* Texture.cpp in Sources */,
				6098E7371F80D2D200FECFA5 /* Timer.cpp in Sources */,
				6098E7381F80D2D200FECFA5 /* Transform.cpp in Sources */,
				6098E7391F80D2D200FECFA5 /* Window.cpp in Sources */,
				6098E73A1F80D2D200FECFA5 /* GameObject.cpp in Sources */,
				6098E73B1F80D2D200FECFA5 /* NoneObject.cpp in Sources */,
				6098E73C1F80D2D200FECFA5 /* OffsetObject.cpp in Sources */,
				6098E73D1F80D2D200FECFA5 /* Player.cpp in Sources */,
				6098E73E1F80D2D200FECFA5 /* TileObject.cpp in Sources */,
				6098E73F1F80D2D200FECFA5 /* main.cpp in Sources */,
				6098E7401F80D2D200FECFA5 /* Scene.cpp in Sources */,
				6098E7411F80D2D200FECFA5 /* Scene00.cpp in Sources */,
				6098E7421F80D2D200FECFA5 /* SceneManager.cpp in Sources */,
				6098E7431F80D2D200FECFA5 /* TiledMap.cpp in Sources */,
			);
			runOnlyForDeploymentPostprocessing = 0;
		};
/* End PBXSourcesBuildPhase section */

/* Begin PBXVariantGroup section */
		6098E71F1F80D2A600FECFA5 /* MainMenu.xib */ = {
			isa = PBXVariantGroup;
			children = (
				6098E7201F80D2A600FECFA5 /* Base */,
			);
			name = MainMenu.xib;
			sourceTree = "<group>";
		};
/* End PBXVariantGroup section */

/* Begin XCBuildConfiguration section */
		6021C2CD1F7CAA43002C3F82 /* Debug */ = {
			isa = XCBuildConfiguration;
			buildSettings = {
				CLANG_ANALYZER_NONNULL = YES;
				CLANG_ANALYZER_NUMBER_OBJECT_CONVERSION = YES_AGGRESSIVE;
				CLANG_CXX_LANGUAGE_STANDARD = "gnu++14";
				CLANG_CXX_LIBRARY = "libc++";
				CLANG_ENABLE_MODULES = YES;
				CLANG_ENABLE_OBJC_ARC = YES;
				CLANG_WARN_BLOCK_CAPTURE_AUTORELEASING = YES;
				CLANG_WARN_BOOL_CONVERSION = YES;
				CLANG_WARN_COMMA = YES;
				CLANG_WARN_CONSTANT_CONVERSION = YES;
				CLANG_WARN_DIRECT_OBJC_ISA_USAGE = YES_ERROR;
				CLANG_WARN_DOCUMENTATION_COMMENTS = YES;
				CLANG_WARN_EMPTY_BODY = YES;
				CLANG_WARN_ENUM_CONVERSION = YES;
				CLANG_WARN_INFINITE_RECURSION = YES;
				CLANG_WARN_INT_CONVERSION = YES;
				CLANG_WARN_NON_LITERAL_NULL_CONVERSION = YES;
				CLANG_WARN_OBJC_LITERAL_CONVERSION = YES;
				CLANG_WARN_OBJC_ROOT_CLASS = YES_ERROR;
				CLANG_WARN_RANGE_LOOP_ANALYSIS = YES;
				CLANG_WARN_STRICT_PROTOTYPES = YES;
				CLANG_WARN_SUSPICIOUS_MOVE = YES;
				CLANG_WARN_UNGUARDED_AVAILABILITY = YES_AGGRESSIVE;
				CLANG_WARN_UNREACHABLE_CODE = YES;
				CLANG_WARN__DUPLICATE_METHOD_MATCH = YES;
				CODE_SIGN_IDENTITY = "Mac Developer";
				COPY_PHASE_STRIP = NO;
				DEBUG_INFORMATION_FORMAT = dwarf;
				ENABLE_STRICT_OBJC_MSGSEND = YES;
				ENABLE_TESTABILITY = YES;
				GCC_C_LANGUAGE_STANDARD = gnu11;
				GCC_DYNAMIC_NO_PIC = NO;
				GCC_NO_COMMON_BLOCKS = YES;
				GCC_OPTIMIZATION_LEVEL = 0;
				GCC_PREPROCESSOR_DEFINITIONS = (
					"DEBUG=1",
					"$(inherited)",
				);
				GCC_WARN_64_TO_32_BIT_CONVERSION = YES;
				GCC_WARN_ABOUT_RETURN_TYPE = YES_ERROR;
				GCC_WARN_UNDECLARED_SELECTOR = YES;
				GCC_WARN_UNINITIALIZED_AUTOS = YES_AGGRESSIVE;
				GCC_WARN_UNUSED_FUNCTION = YES;
				GCC_WARN_UNUSED_VARIABLE = YES;
				MACOSX_DEPLOYMENT_TARGET = 10.12;
				MTL_ENABLE_DEBUG_INFO = YES;
			};
			name = Debug;
		};
		6021C2CE1F7CAA43002C3F82 /* Release */ = {
			isa = XCBuildConfiguration;
			buildSettings = {
				CLANG_ANALYZER_NONNULL = YES;
				CLANG_ANALYZER_NUMBER_OBJECT_CONVERSION = YES_AGGRESSIVE;
				CLANG_CXX_LANGUAGE_STANDARD = "gnu++14";
				CLANG_CXX_LIBRARY = "libc++";
				CLANG_ENABLE_MODULES = YES;
				CLANG_ENABLE_OBJC_ARC = YES;
				CLANG_WARN_BLOCK_CAPTURE_AUTORELEASING = YES;
				CLANG_WARN_BOOL_CONVERSION = YES;
				CLANG_WARN_COMMA = YES;
				CLANG_WARN_CONSTANT_CONVERSION = YES;
				CLANG_WARN_DIRECT_OBJC_ISA_USAGE = YES_ERROR;
				CLANG_WARN_DOCUMENTATION_COMMENTS = YES;
				CLANG_WARN_EMPTY_BODY = YES;
				CLANG_WARN_ENUM_CONVERSION = YES;
				CLANG_WARN_INFINITE_RECURSION = YES;
				CLANG_WARN_INT_CONVERSION = YES;
				CLANG_WARN_NON_LITERAL_NULL_CONVERSION = YES;
				CLANG_WARN_OBJC_LITERAL_CONVERSION = YES;
				CLANG_WARN_OBJC_ROOT_CLASS = YES_ERROR;
				CLANG_WARN_RANGE_LOOP_ANALYSIS = YES;
				CLANG_WARN_STRICT_PROTOTYPES = YES;
				CLANG_WARN_SUSPICIOUS_MOVE = YES;
				CLANG_WARN_UNGUARDED_AVAILABILITY = YES_AGGRESSIVE;
				CLANG_WARN_UNREACHABLE_CODE = YES;
				CLANG_WARN__DUPLICATE_METHOD_MATCH = YES;
				CODE_SIGN_IDENTITY = "Mac Developer";
				COPY_PHASE_STRIP = NO;
				DEBUG_INFORMATION_FORMAT = "dwarf-with-dsym";
				ENABLE_NS_ASSERTIONS = NO;
				ENABLE_STRICT_OBJC_MSGSEND = YES;
				GCC_C_LANGUAGE_STANDARD = gnu11;
				GCC_NO_COMMON_BLOCKS = YES;
				GCC_WARN_64_TO_32_BIT_CONVERSION = YES;
				GCC_WARN_ABOUT_RETURN_TYPE = YES_ERROR;
				GCC_WARN_UNDECLARED_SELECTOR = YES;
				GCC_WARN_UNINITIALIZED_AUTOS = YES_AGGRESSIVE;
				GCC_WARN_UNUSED_FUNCTION = YES;
				GCC_WARN_UNUSED_VARIABLE = YES;
				MACOSX_DEPLOYMENT_TARGET = 10.12;
				MTL_ENABLE_DEBUG_INFO = NO;
			};
			name = Release;
		};
		6098E7251F80D2A600FECFA5 /* Debug */ = {
			isa = XCBuildConfiguration;
			buildSettings = {
				ASSETCATALOG_COMPILER_APPICON_NAME = AppIcon;
				CODE_SIGN_ENTITLEMENTS = Cocoa/Cocoa.entitlements;
				CODE_SIGN_STYLE = Automatic;
				COMBINE_HIDPI_IMAGES = YES;
				DEVELOPMENT_TEAM = 4M5A36G82A;
				HEADER_SEARCH_PATHS = (
					./Frameworks/Box2D/inc,
					./Frameworks/FMOD/inc,
					./Frameworks/glfw/inc,
					./Frameworks/glew/inc,
					./Frameworks/irrKlang/inc,
					./Frameworks/glm/inc,
				);
				INFOPLIST_FILE = Cocoa/Info.plist;
				LD_RUNPATH_SEARCH_PATHS = "$(inherited) @executable_path/../Frameworks";
				OTHER_LDFLAGS = (
					./Frameworks/Box2D/lib/libBox2D.a,
					./Frameworks/glew/lib/libGLEW.2.0.0.dylib,
					./Frameworks/glfw/lib/libglfw.3.2.dylib,
					./Frameworks/irrKlang/lib/libirrklang.dylib,
					./Frameworks/FMOD/lib/libfmodL.dylib,
				);
				PRODUCT_BUNDLE_IDENTIFIER = haijian.Cocoa;
				PRODUCT_NAME = "$(TARGET_NAME)";
				SWIFT_ACTIVE_COMPILATION_CONDITIONS = DEBUG;
				SWIFT_OPTIMIZATION_LEVEL = "-Onone";
				SWIFT_VERSION = 4.0;
			};
			name = Debug;
		};
		6098E7261F80D2A600FECFA5 /* Release */ = {
			isa = XCBuildConfiguration;
			buildSettings = {
				ASSETCATALOG_COMPILER_APPICON_NAME = AppIcon;
				CODE_SIGN_ENTITLEMENTS = Cocoa/Cocoa.entitlements;
				CODE_SIGN_STYLE = Automatic;
				COMBINE_HIDPI_IMAGES = YES;
				DEVELOPMENT_TEAM = 4M5A36G82A;
				HEADER_SEARCH_PATHS = (
					./Frameworks/Box2D/inc,
					./Frameworks/FMOD/inc,
					./Frameworks/glfw/inc,
					./Frameworks/glew/inc,
					./Frameworks/irrKlang/inc,
					./Frameworks/glm/inc,
				);
				INFOPLIST_FILE = Cocoa/Info.plist;
				LD_RUNPATH_SEARCH_PATHS = "$(inherited) @executable_path/../Frameworks";
				OTHER_LDFLAGS = (
					./Frameworks/Box2D/lib/libBox2D.a,
					./Frameworks/glew/lib/libGLEW.2.0.0.dylib,
					./Frameworks/glfw/lib/libglfw.3.2.dylib,
					./Frameworks/irrKlang/lib/libirrklang.dylib,
					./Frameworks/FMOD/lib/libfmod.dylib,
				);
				PRODUCT_BUNDLE_IDENTIFIER = haijian.Cocoa;
				PRODUCT_NAME = "$(TARGET_NAME)";
				SWIFT_OPTIMIZATION_LEVEL = "-Owholemodule";
				SWIFT_VERSION = 4.0;
			};
			name = Release;
		};
/* End XCBuildConfiguration section */

/* Begin XCConfigurationList section */
		6021C2C31F7CAA43002C3F82 /* Build configuration list for PBXProject "VaniaEngine" */ = {
			isa = XCConfigurationList;
			buildConfigurations = (
				6021C2CD1F7CAA43002C3F82 /* Debug */,
				6021C2CE1F7CAA43002C3F82 /* Release */,
			);
			defaultConfigurationIsVisible = 0;
			defaultConfigurationName = Release;
		};
		6098E7241F80D2A600FECFA5 /* Build configuration list for PBXNativeTarget "Cocoa" */ = {
			isa = XCConfigurationList;
			buildConfigurations = (
				6098E7251F80D2A600FECFA5 /* Debug */,
				6098E7261F80D2A600FECFA5 /* Release */,
			);
			defaultConfigurationIsVisible = 0;
			defaultConfigurationName = Release;
		};
/* End XCConfigurationList section */
	};
	rootObject = 6021C2C01F7CAA43002C3F82 /* Project object */;
}
